// !$*UTF8*$!
{
	archiveVersion = 1;
	classes = {
	};
	objectVersion = 50;
	objects = {

/* Begin PBXBuildFile section */
		CC2F12AA2550ED21006CCA85 /* Database.cpp in Sources */ = {isa = PBXBuildFile; fileRef = CC2F12A82550ED21006CCA85 /* Database.cpp */; };
		CC2F12AE2550ED37006CCA85 /* Relation.cpp in Sources */ = {isa = PBXBuildFile; fileRef = CC2F12AC2550ED37006CCA85 /* Relation.cpp */; };
		CC2F12B22550ED3D006CCA85 /* Header.cpp in Sources */ = {isa = PBXBuildFile; fileRef = CC2F12B02550ED3D006CCA85 /* Header.cpp */; };
		CC2F12C32550F6FE006CCA85 /* Interpreter.cpp in Sources */ = {isa = PBXBuildFile; fileRef = CC2F12C12550F6FE006CCA85 /* Interpreter.cpp */; };
		CC2F12D7255105CD006CCA85 /* Tuple.cpp in Sources */ = {isa = PBXBuildFile; fileRef = CC2F12D5255105CD006CCA85 /* Tuple.cpp */; };
		CC91675A251078EF005D800D /* main.cpp in Sources */ = {isa = PBXBuildFile; fileRef = CC916759251078EF005D800D /* main.cpp */; };
		CC91676225107A35005D800D /* Token.cpp in Sources */ = {isa = PBXBuildFile; fileRef = CC91676025107A35005D800D /* Token.cpp */; };
		CC91676525107A59005D800D /* Lexer.cpp in Sources */ = {isa = PBXBuildFile; fileRef = CC91676325107A59005D800D /* Lexer.cpp */; };
		CC91676825107A73005D800D /* Tokenizer.cpp in Sources */ = {isa = PBXBuildFile; fileRef = CC91676625107A73005D800D /* Tokenizer.cpp */; };
		CCE5C4FA252EE989006839BE /* DatalogProgram.cpp in Sources */ = {isa = PBXBuildFile; fileRef = CCE5C4F8252EE989006839BE /* DatalogProgram.cpp */; };
		CCE5C4FE252EE9B0006839BE /* Predicate.cpp in Sources */ = {isa = PBXBuildFile; fileRef = CCE5C4FC252EE9B0006839BE /* Predicate.cpp */; };
		CCE5C502252EE9B6006839BE /* Rules.cpp in Sources */ = {isa = PBXBuildFile; fileRef = CCE5C500252EE9B6006839BE /* Rules.cpp */; };
		CCE5C506252EE9C7006839BE /* Parameter.cpp in Sources */ = {isa = PBXBuildFile; fileRef = CCE5C504252EE9C7006839BE /* Parameter.cpp */; };
		CCEC640F252C4147006064DC /* Parser.cpp in Sources */ = {isa = PBXBuildFile; fileRef = CCEC640D252C4147006064DC /* Parser.cpp */; };
/* End PBXBuildFile section */

/* Begin PBXCopyFilesBuildPhase section */
		CC916754251078EF005D800D /* CopyFiles */ = {
			isa = PBXCopyFilesBuildPhase;
			buildActionMask = 2147483647;
			dstPath = /usr/share/man/man1/;
			dstSubfolderSpec = 0;
			files = (
			);
			runOnlyForDeploymentPostprocessing = 1;
		};
/* End PBXCopyFilesBuildPhase section */

/* Begin PBXFileReference section */
		CC2F12A82550ED21006CCA85 /* Database.cpp */ = {isa = PBXFileReference; lastKnownFileType = sourcecode.cpp.cpp; path = Database.cpp; sourceTree = "<group>"; };
		CC2F12A92550ED21006CCA85 /* Database.h */ = {isa = PBXFileReference; lastKnownFileType = sourcecode.c.h; path = Database.h; sourceTree = "<group>"; };
		CC2F12AC2550ED37006CCA85 /* Relation.cpp */ = {isa = PBXFileReference; lastKnownFileType = sourcecode.cpp.cpp; path = Relation.cpp; sourceTree = "<group>"; };
		CC2F12AD2550ED37006CCA85 /* Relation.h */ = {isa = PBXFileReference; lastKnownFileType = sourcecode.c.h; path = Relation.h; sourceTree = "<group>"; };
		CC2F12B02550ED3D006CCA85 /* Header.cpp */ = {isa = PBXFileReference; lastKnownFileType = sourcecode.cpp.cpp; path = Header.cpp; sourceTree = "<group>"; };
		CC2F12B12550ED3D006CCA85 /* Header.h */ = {isa = PBXFileReference; lastKnownFileType = sourcecode.c.h; path = Header.h; sourceTree = "<group>"; };
		CC2F12C12550F6FE006CCA85 /* Interpreter.cpp */ = {isa = PBXFileReference; lastKnownFileType = sourcecode.cpp.cpp; path = Interpreter.cpp; sourceTree = "<group>"; };
		CC2F12C22550F6FE006CCA85 /* Interpreter.h */ = {isa = PBXFileReference; lastKnownFileType = sourcecode.c.h; path = Interpreter.h; sourceTree = "<group>"; };
		CC2F12D5255105CD006CCA85 /* Tuple.cpp */ = {isa = PBXFileReference; lastKnownFileType = sourcecode.cpp.cpp; path = Tuple.cpp; sourceTree = "<group>"; };
		CC2F12D6255105CD006CCA85 /* Tuple.h */ = {isa = PBXFileReference; lastKnownFileType = sourcecode.c.h; path = Tuple.h; sourceTree = "<group>"; };
		CC916756251078EF005D800D /* Lab 1 */ = {isa = PBXFileReference; explicitFileType = "compiled.mach-o.executable"; includeInIndex = 0; path = "Lab 1"; sourceTree = BUILT_PRODUCTS_DIR; };
		CC916759251078EF005D800D /* main.cpp */ = {isa = PBXFileReference; lastKnownFileType = sourcecode.cpp.cpp; path = main.cpp; sourceTree = "<group>"; };
		CC91676025107A35005D800D /* Token.cpp */ = {isa = PBXFileReference; lastKnownFileType = sourcecode.cpp.cpp; path = Token.cpp; sourceTree = "<group>"; };
		CC91676125107A35005D800D /* Token.h */ = {isa = PBXFileReference; lastKnownFileType = sourcecode.c.h; path = Token.h; sourceTree = "<group>"; };
		CC91676325107A59005D800D /* Lexer.cpp */ = {isa = PBXFileReference; lastKnownFileType = sourcecode.cpp.cpp; path = Lexer.cpp; sourceTree = "<group>"; };
		CC91676425107A59005D800D /* Lexer.h */ = {isa = PBXFileReference; lastKnownFileType = sourcecode.c.h; path = Lexer.h; sourceTree = "<group>"; };
		CC91676625107A73005D800D /* Tokenizer.cpp */ = {isa = PBXFileReference; lastKnownFileType = sourcecode.cpp.cpp; path = Tokenizer.cpp; sourceTree = "<group>"; };
		CC91676725107A73005D800D /* Tokenizer.h */ = {isa = PBXFileReference; lastKnownFileType = sourcecode.c.h; path = Tokenizer.h; sourceTree = "<group>"; };
		CCE5C4F8252EE989006839BE /* DatalogProgram.cpp */ = {isa = PBXFileReference; lastKnownFileType = sourcecode.cpp.cpp; path = DatalogProgram.cpp; sourceTree = "<group>"; };
		CCE5C4F9252EE989006839BE /* DatalogProgram.h */ = {isa = PBXFileReference; lastKnownFileType = sourcecode.c.h; path = DatalogProgram.h; sourceTree = "<group>"; };
		CCE5C4FC252EE9B0006839BE /* Predicate.cpp */ = {isa = PBXFileReference; lastKnownFileType = sourcecode.cpp.cpp; path = Predicate.cpp; sourceTree = "<group>"; };
		CCE5C4FD252EE9B0006839BE /* Predicate.h */ = {isa = PBXFileReference; lastKnownFileType = sourcecode.c.h; path = Predicate.h; sourceTree = "<group>"; };
		CCE5C500252EE9B6006839BE /* Rules.cpp */ = {isa = PBXFileReference; lastKnownFileType = sourcecode.cpp.cpp; path = Rules.cpp; sourceTree = "<group>"; };
		CCE5C501252EE9B6006839BE /* Rules.h */ = {isa = PBXFileReference; lastKnownFileType = sourcecode.c.h; path = Rules.h; sourceTree = "<group>"; };
		CCE5C504252EE9C7006839BE /* Parameter.cpp */ = {isa = PBXFileReference; lastKnownFileType = sourcecode.cpp.cpp; path = Parameter.cpp; sourceTree = "<group>"; };
		CCE5C505252EE9C7006839BE /* Parameter.h */ = {isa = PBXFileReference; lastKnownFileType = sourcecode.c.h; path = Parameter.h; sourceTree = "<group>"; };
		CCEC640D252C4147006064DC /* Parser.cpp */ = {isa = PBXFileReference; lastKnownFileType = sourcecode.cpp.cpp; path = Parser.cpp; sourceTree = "<group>"; };
		CCEC640E252C4147006064DC /* Parser.h */ = {isa = PBXFileReference; lastKnownFileType = sourcecode.c.h; path = Parser.h; sourceTree = "<group>"; };
/* End PBXFileReference section */

/* Begin PBXFrameworksBuildPhase section */
		CC916753251078EF005D800D /* Frameworks */ = {
			isa = PBXFrameworksBuildPhase;
			buildActionMask = 2147483647;
			files = (
			);
			runOnlyForDeploymentPostprocessing = 0;
		};
/* End PBXFrameworksBuildPhase section */

/* Begin PBXGroup section */
		CC91674D251078EF005D800D = {
			isa = PBXGroup;
			children = (
				CC916758251078EF005D800D /* Lab 1 */,
				CC916757251078EF005D800D /* Products */,
			);
			sourceTree = "<group>";
		};
		CC916757251078EF005D800D /* Products */ = {
			isa = PBXGroup;
			children = (
				CC916756251078EF005D800D /* Lab 1 */,
			);
			name = Products;
			sourceTree = "<group>";
		};
		CC916758251078EF005D800D /* Lab 1 */ = {
			isa = PBXGroup;
			children = (
				CC916759251078EF005D800D /* main.cpp */,
				CC91676425107A59005D800D /* Lexer.h */,
				CC91676325107A59005D800D /* Lexer.cpp */,
				CC91676725107A73005D800D /* Tokenizer.h */,
				CC91676625107A73005D800D /* Tokenizer.cpp */,
				CCEC640E252C4147006064DC /* Parser.h */,
				CCEC640D252C4147006064DC /* Parser.cpp */,
				CC91676125107A35005D800D /* Token.h */,
				CC91676025107A35005D800D /* Token.cpp */,
				CCE5C4F9252EE989006839BE /* DatalogProgram.h */,
				CCE5C4F8252EE989006839BE /* DatalogProgram.cpp */,
				CCE5C4FD252EE9B0006839BE /* Predicate.h */,
				CCE5C4FC252EE9B0006839BE /* Predicate.cpp */,
				CCE5C501252EE9B6006839BE /* Rules.h */,
				CCE5C500252EE9B6006839BE /* Rules.cpp */,
				CCE5C505252EE9C7006839BE /* Parameter.h */,
				CCE5C504252EE9C7006839BE /* Parameter.cpp */,
				CC2F12A92550ED21006CCA85 /* Database.h */,
				CC2F12A82550ED21006CCA85 /* Database.cpp */,
				CC2F12AD2550ED37006CCA85 /* Relation.h */,
				CC2F12AC2550ED37006CCA85 /* Relation.cpp */,
				CC2F12D6255105CD006CCA85 /* Tuple.h */,
				CC2F12D5255105CD006CCA85 /* Tuple.cpp */,
				CC2F12B12550ED3D006CCA85 /* Header.h */,
				CC2F12B02550ED3D006CCA85 /* Header.cpp */,
				CC2F12C22550F6FE006CCA85 /* Interpreter.h */,
				CC2F12C12550F6FE006CCA85 /* Interpreter.cpp */,
			);
			path = "Lab 1";
			sourceTree = "<group>";
		};
/* End PBXGroup section */

/* Begin PBXNativeTarget section */
		CC916755251078EF005D800D /* Lab 1 */ = {
			isa = PBXNativeTarget;
			buildConfigurationList = CC91675D251078EF005D800D /* Build configuration list for PBXNativeTarget "Lab 1" */;
			buildPhases = (
				CC916752251078EF005D800D /* Sources */,
				CC916753251078EF005D800D /* Frameworks */,
				CC916754251078EF005D800D /* CopyFiles */,
			);
			buildRules = (
			);
			dependencies = (
			);
			name = "Lab 1";
			productName = "Lab 1";
			productReference = CC916756251078EF005D800D /* Lab 1 */;
			productType = "com.apple.product-type.tool";
		};
/* End PBXNativeTarget section */

/* Begin PBXProject section */
		CC91674E251078EF005D800D /* Project object */ = {
			isa = PBXProject;
			attributes = {
				LastUpgradeCheck = 1170;
				ORGANIZATIONNAME = MayDevlops;
				TargetAttributes = {
					CC916755251078EF005D800D = {
						CreatedOnToolsVersion = 11.7;
					};
				};
			};
			buildConfigurationList = CC916751251078EF005D800D /* Build configuration list for PBXProject "Lab 1" */;
			compatibilityVersion = "Xcode 9.3";
			developmentRegion = en;
			hasScannedForEncodings = 0;
			knownRegions = (
				en,
				Base,
			);
			mainGroup = CC91674D251078EF005D800D;
			productRefGroup = CC916757251078EF005D800D /* Products */;
			projectDirPath = "";
			projectRoot = "";
			targets = (
				CC916755251078EF005D800D /* Lab 1 */,
			);
		};
/* End PBXProject section */

/* Begin PBXSourcesBuildPhase section */
		CC916752251078EF005D800D /* Sources */ = {
			isa = PBXSourcesBuildPhase;
			buildActionMask = 2147483647;
			files = (
				CC2F12B22550ED3D006CCA85 /* Header.cpp in Sources */,
				CC91676525107A59005D800D /* Lexer.cpp in Sources */,
				CC2F12D7255105CD006CCA85 /* Tuple.cpp in Sources */,
				CCE5C506252EE9C7006839BE /* Parameter.cpp in Sources */,
				CCE5C502252EE9B6006839BE /* Rules.cpp in Sources */,
				CCE5C4FA252EE989006839BE /* DatalogProgram.cpp in Sources */,
				CC91676825107A73005D800D /* Tokenizer.cpp in Sources */,
				CC2F12AE2550ED37006CCA85 /* Relation.cpp in Sources */,
				CC91675A251078EF005D800D /* main.cpp in Sources */,
				CCEC640F252C4147006064DC /* Parser.cpp in Sources */,
				CC91676225107A35005D800D /* Token.cpp in Sources */,
				CC2F12AA2550ED21006CCA85 /* Database.cpp in Sources */,
				CC2F12C32550F6FE006CCA85 /* Interpreter.cpp in Sources */,
				CCE5C4FE252EE9B0006839BE /* Predicate.cpp in Sources */,
			);
			runOnlyForDeploymentPostprocessing = 0;
		};
/* End PBXSourcesBuildPhase section */

/* Begin XCBuildConfiguration section */
		CC91675B251078EF005D800D /* Debug */ = {
			isa = XCBuildConfiguration;
			buildSettings = {
				ALWAYS_SEARCH_USER_PATHS = NO;
				CLANG_ANALYZER_NONNULL = YES;
				CLANG_ANALYZER_NUMBER_OBJECT_CONVERSION = YES_AGGRESSIVE;
				CLANG_CXX_LANGUAGE_STANDARD = "gnu++14";
				CLANG_CXX_LIBRARY = "libc++";
				CLANG_ENABLE_MODULES = YES;
				CLANG_ENABLE_OBJC_ARC = YES;
				CLANG_ENABLE_OBJC_WEAK = YES;
				CLANG_WARN_BLOCK_CAPTURE_AUTORELEASING = YES;
				CLANG_WARN_BOOL_CONVERSION = YES;
				CLANG_WARN_COMMA = YES;
				CLANG_WARN_CONSTANT_CONVERSION = YES;
				CLANG_WARN_DEPRECATED_OBJC_IMPLEMENTATIONS = YES;
				CLANG_WARN_DIRECT_OBJC_ISA_USAGE = YES_ERROR;
				CLANG_WARN_DOCUMENTATION_COMMENTS = YES;
				CLANG_WARN_EMPTY_BODY = YES;
				CLANG_WARN_ENUM_CONVERSION = YES;
				CLANG_WARN_INFINITE_RECURSION = YES;
				CLANG_WARN_INT_CONVERSION = YES;
				CLANG_WARN_NON_LITERAL_NULL_CONVERSION = YES;
				CLANG_WARN_OBJC_IMPLICIT_RETAIN_SELF = YES;
				CLANG_WARN_OBJC_LITERAL_CONVERSION = YES;
				CLANG_WARN_OBJC_ROOT_CLASS = YES_ERROR;
				CLANG_WARN_RANGE_LOOP_ANALYSIS = YES;
				CLANG_WARN_STRICT_PROTOTYPES = YES;
				CLANG_WARN_SUSPICIOUS_MOVE = YES;
				CLANG_WARN_UNGUARDED_AVAILABILITY = YES_AGGRESSIVE;
				CLANG_WARN_UNREACHABLE_CODE = YES;
				CLANG_WARN__DUPLICATE_METHOD_MATCH = YES;
				COPY_PHASE_STRIP = NO;
				DEBUG_INFORMATION_FORMAT = dwarf;
				ENABLE_STRICT_OBJC_MSGSEND = YES;
				ENABLE_TESTABILITY = YES;
				GCC_C_LANGUAGE_STANDARD = gnu11;
				GCC_DYNAMIC_NO_PIC = NO;
				GCC_NO_COMMON_BLOCKS = YES;
				GCC_OPTIMIZATION_LEVEL = 0;
				GCC_PREPROCESSOR_DEFINITIONS = "$(inherited)";
				GCC_WARN_64_TO_32_BIT_CONVERSION = YES;
				GCC_WARN_ABOUT_RETURN_TYPE = YES_ERROR;
				GCC_WARN_UNDECLARED_SELECTOR = YES;
				GCC_WARN_UNINITIALIZED_AUTOS = YES_AGGRESSIVE;
				GCC_WARN_UNUSED_FUNCTION = YES;
				GCC_WARN_UNUSED_VARIABLE = YES;
				MACOSX_DEPLOYMENT_TARGET = 10.15;
				MTL_ENABLE_DEBUG_INFO = "Debug=1";
				MTL_FAST_MATH = YES;
				ONLY_ACTIVE_ARCH = YES;
				SDKROOT = macosx;
			};
			name = Debug;
		};
		CC91675C251078EF005D800D /* Release */ = {
			isa = XCBuildConfiguration;
			buildSettings = {
				ALWAYS_SEARCH_USER_PATHS = NO;
				CLANG_ANALYZER_NONNULL = YES;
				CLANG_ANALYZER_NUMBER_OBJECT_CONVERSION = YES_AGGRESSIVE;
				CLANG_CXX_LANGUAGE_STANDARD = "gnu++14";
				CLANG_CXX_LIBRARY = "libc++";
				CLANG_ENABLE_MODULES = YES;
				CLANG_ENABLE_OBJC_ARC = YES;
				CLANG_ENABLE_OBJC_WEAK = YES;
				CLANG_WARN_BLOCK_CAPTURE_AUTORELEASING = YES;
				CLANG_WARN_BOOL_CONVERSION = YES;
				CLANG_WARN_COMMA = YES;
				CLANG_WARN_CONSTANT_CONVERSION = YES;
				CLANG_WARN_DEPRECATED_OBJC_IMPLEMENTATIONS = YES;
				CLANG_WARN_DIRECT_OBJC_ISA_USAGE = YES_ERROR;
				CLANG_WARN_DOCUMENTATION_COMMENTS = YES;
				CLANG_WARN_EMPTY_BODY = YES;
				CLANG_WARN_ENUM_CONVERSION = YES;
				CLANG_WARN_INFINITE_RECURSION = YES;
				CLANG_WARN_INT_CONVERSION = YES;
				CLANG_WARN_NON_LITERAL_NULL_CONVERSION = YES;
				CLANG_WARN_OBJC_IMPLICIT_RETAIN_SELF = YES;
				CLANG_WARN_OBJC_LITERAL_CONVERSION = YES;
				CLANG_WARN_OBJC_ROOT_CLASS = YES_ERROR;
				CLANG_WARN_RANGE_LOOP_ANALYSIS = YES;
				CLANG_WARN_STRICT_PROTOTYPES = YES;
				CLANG_WARN_SUSPICIOUS_MOVE = YES;
				CLANG_WARN_UNGUARDED_AVAILABILITY = YES_AGGRESSIVE;
				CLANG_WARN_UNREACHABLE_CODE = YES;
				CLANG_WARN__DUPLICATE_METHOD_MATCH = YES;
				COPY_PHASE_STRIP = NO;
				DEBUG_INFORMATION_FORMAT = "dwarf-with-dsym";
				ENABLE_NS_ASSERTIONS = NO;
				ENABLE_STRICT_OBJC_MSGSEND = YES;
				GCC_C_LANGUAGE_STANDARD = gnu11;
				GCC_NO_COMMON_BLOCKS = YES;
				GCC_WARN_64_TO_32_BIT_CONVERSION = YES;
				GCC_WARN_ABOUT_RETURN_TYPE = YES_ERROR;
				GCC_WARN_UNDECLARED_SELECTOR = YES;
				GCC_WARN_UNINITIALIZED_AUTOS = YES_AGGRESSIVE;
				GCC_WARN_UNUSED_FUNCTION = YES;
				GCC_WARN_UNUSED_VARIABLE = YES;
				MACOSX_DEPLOYMENT_TARGET = 10.15;
				MTL_ENABLE_DEBUG_INFO = NO;
				MTL_FAST_MATH = YES;
				SDKROOT = macosx;
			};
			name = Release;
		};
		CC91675E251078EF005D800D /* Debug */ = {
			isa = XCBuildConfiguration;
			buildSettings = {
				CODE_SIGN_STYLE = Automatic;
				DEVELOPMENT_TEAM = YU464ZP567;
				ENABLE_HARDENED_RUNTIME = YES;
				PRODUCT_NAME = "$(TARGET_NAME)";
			};
			name = Debug;
		};
		CC91675F251078EF005D800D /* Release */ = {
			isa = XCBuildConfiguration;
			buildSettings = {
				CODE_SIGN_STYLE = Automatic;
				DEVELOPMENT_TEAM = YU464ZP567;
				ENABLE_HARDENED_RUNTIME = YES;
				PRODUCT_NAME = "$(TARGET_NAME)";
			};
			name = Release;
		};
/* End XCBuildConfiguration section */

/* Begin XCConfigurationList section */
		CC916751251078EF005D800D /* Build configuration list for PBXProject "Lab 1" */ = {
			isa = XCConfigurationList;
			buildConfigurations = (
				CC91675B251078EF005D800D /* Debug */,
				CC91675C251078EF005D800D /* Release */,
			);
			defaultConfigurationIsVisible = 0;
			defaultConfigurationName = Release;
		};
		CC91675D251078EF005D800D /* Build configuration list for PBXNativeTarget "Lab 1" */ = {
			isa = XCConfigurationList;
			buildConfigurations = (
				CC91675E251078EF005D800D /* Debug */,
				CC91675F251078EF005D800D /* Release */,
			);
			defaultConfigurationIsVisible = 0;
			defaultConfigurationName = Release;
		};
/* End XCConfigurationList section */
	};
	rootObject = CC91674E251078EF005D800D /* Project object */;
}
